// !$*UTF8*$!
{
	archiveVersion = 1;
	classes = {
	};
	objectVersion = 70;
	objects = {

/* Begin PBXBuildFile section */
		1A992C872CED484600009C19 /* Add Jobs View Controller.swift in Sources */ = {isa = PBXBuildFile; fileRef = 1A992C862CED484600009C19 /* Add Jobs View Controller.swift */; };
		1A992C892CED486300009C19 /* Add Jobs Progress Indicator Manager.swift in Sources */ = {isa = PBXBuildFile; fileRef = 1A992C882CED486300009C19 /* Add Jobs Progress Indicator Manager.swift */; };
		1A992C8B2CED487600009C19 /* PhotoManager.swift in Sources */ = {isa = PBXBuildFile; fileRef = 1A992C8A2CED487600009C19 /* PhotoManager.swift */; };
		2D5DCA3E2CED42260037CBBB /* AppDelegate.swift in Sources */ = {isa = PBXBuildFile; fileRef = 2D5DCA3D2CED42260037CBBB /* AppDelegate.swift */; };
		2D5DCA402CED42260037CBBB /* SceneDelegate.swift in Sources */ = {isa = PBXBuildFile; fileRef = 2D5DCA3F2CED42260037CBBB /* SceneDelegate.swift */; };
		2D5DCA422CED42260037CBBB /* ViewController.swift in Sources */ = {isa = PBXBuildFile; fileRef = 2D5DCA412CED42260037CBBB /* ViewController.swift */; };
		2D5DCA452CED42260037CBBB /* Base in Resources */ = {isa = PBXBuildFile; fileRef = 2D5DCA442CED42260037CBBB /* Base */; };
		2D5DCA472CED422B0037CBBB /* Assets.xcassets in Resources */ = {isa = PBXBuildFile; fileRef = 2D5DCA462CED422B0037CBBB /* Assets.xcassets */; };
		2D5DCA4A2CED422B0037CBBB /* Base in Resources */ = {isa = PBXBuildFile; fileRef = 2D5DCA492CED422B0037CBBB /* Base */; };
/* End PBXBuildFile section */

/* Begin PBXFileReference section */
		1A992C862CED484600009C19 /* Add Jobs View Controller.swift */ = {isa = PBXFileReference; lastKnownFileType = sourcecode.swift; path = "Add Jobs View Controller.swift"; sourceTree = "<group>"; };
		1A992C882CED486300009C19 /* Add Jobs Progress Indicator Manager.swift */ = {isa = PBXFileReference; lastKnownFileType = sourcecode.swift; path = "Add Jobs Progress Indicator Manager.swift"; sourceTree = "<group>"; };
		1A992C8A2CED487600009C19 /* PhotoManager.swift */ = {isa = PBXFileReference; lastKnownFileType = sourcecode.swift; path = PhotoManager.swift; sourceTree = "<group>"; };
		2D5DCA3A2CED42260037CBBB /* PartTimeFinder.app */ = {isa = PBXFileReference; explicitFileType = wrapper.application; includeInIndex = 0; path = PartTimeFinder.app; sourceTree = BUILT_PRODUCTS_DIR; };
		2D5DCA3D2CED42260037CBBB /* AppDelegate.swift */ = {isa = PBXFileReference; lastKnownFileType = sourcecode.swift; path = AppDelegate.swift; sourceTree = "<group>"; };
		2D5DCA3F2CED42260037CBBB /* SceneDelegate.swift */ = {isa = PBXFileReference; lastKnownFileType = sourcecode.swift; path = SceneDelegate.swift; sourceTree = "<group>"; };
		2D5DCA412CED42260037CBBB /* ViewController.swift */ = {isa = PBXFileReference; lastKnownFileType = sourcecode.swift; path = ViewController.swift; sourceTree = "<group>"; };
		2D5DCA442CED42260037CBBB /* Base */ = {isa = PBXFileReference; lastKnownFileType = file.storyboard; name = Base; path = Base.lproj/Main.storyboard; sourceTree = "<group>"; };
		2D5DCA462CED422B0037CBBB /* Assets.xcassets */ = {isa = PBXFileReference; lastKnownFileType = folder.assetcatalog; path = Assets.xcassets; sourceTree = "<group>"; };
		2D5DCA492CED422B0037CBBB /* Base */ = {isa = PBXFileReference; lastKnownFileType = file.storyboard; name = Base; path = Base.lproj/LaunchScreen.storyboard; sourceTree = "<group>"; };
		2D5DCA4B2CED422B0037CBBB /* Info.plist */ = {isa = PBXFileReference; lastKnownFileType = text.plist.xml; path = Info.plist; sourceTree = "<group>"; };
/* End PBXFileReference section */

/* Begin PBXFileSystemSynchronizedRootGroup section */
		1A992C852CED480A00009C19 /* Views */ = {isa = PBXFileSystemSynchronizedRootGroup; explicitFileTypes = {}; explicitFolders = (); path = Views; sourceTree = "<group>"; };
/* End PBXFileSystemSynchronizedRootGroup section */

/* Begin PBXFrameworksBuildPhase section */
		2D5DCA372CED42260037CBBB /* Frameworks */ = {
			isa = PBXFrameworksBuildPhase;
			buildActionMask = 2147483647;
			files = (
			);
			runOnlyForDeploymentPostprocessing = 0;
		};
/* End PBXFrameworksBuildPhase section */

/* Begin PBXGroup section */
		1A992C842CED47F100009C19 /* AddJobScreen */ = {
			isa = PBXGroup;
			children = (
				1A992C8A2CED487600009C19 /* PhotoManager.swift */,
				1A992C882CED486300009C19 /* Add Jobs Progress Indicator Manager.swift */,
				1A992C862CED484600009C19 /* Add Jobs View Controller.swift */,
				1A992C852CED480A00009C19 /* Views */,
			);
			path = AddJobScreen;
			sourceTree = "<group>";
		};
		2D5DCA312CED42260037CBBB = {
			isa = PBXGroup;
			children = (
				2D5DCA3C2CED42260037CBBB /* PartTimeFinder */,
				2D5DCA3B2CED42260037CBBB /* Products */,
			);
			sourceTree = "<group>";
		};
		2D5DCA3B2CED42260037CBBB /* Products */ = {
			isa = PBXGroup;
			children = (
				2D5DCA3A2CED42260037CBBB /* PartTimeFinder.app */,
			);
			name = Products;
			sourceTree = "<group>";
		};
		2D5DCA3C2CED42260037CBBB /* PartTimeFinder */ = {
			isa = PBXGroup;
			children = (
				1A992C842CED47F100009C19 /* AddJobScreen */,
				2D5DCA3D2CED42260037CBBB /* AppDelegate.swift */,
				2D5DCA3F2CED42260037CBBB /* SceneDelegate.swift */,
				2D5DCA412CED42260037CBBB /* ViewController.swift */,
				2D5DCA432CED42260037CBBB /* Main.storyboard */,
				2D5DCA462CED422B0037CBBB /* Assets.xcassets */,
				2D5DCA482CED422B0037CBBB /* LaunchScreen.storyboard */,
				2D5DCA4B2CED422B0037CBBB /* Info.plist */,
			);
			path = PartTimeFinder;
			sourceTree = "<group>";
		};
/* End PBXGroup section */

/* Begin PBXNativeTarget section */
		2D5DCA392CED42260037CBBB /* PartTimeFinder */ = {
			isa = PBXNativeTarget;
			buildConfigurationList = 2D5DCA4E2CED422B0037CBBB /* Build configuration list for PBXNativeTarget "PartTimeFinder" */;
			buildPhases = (
				2D5DCA362CED42260037CBBB /* Sources */,
				2D5DCA372CED42260037CBBB /* Frameworks */,
				2D5DCA382CED42260037CBBB /* Resources */,
			);
			buildRules = (
			);
			dependencies = (
			);
			fileSystemSynchronizedGroups = (
				1A992C852CED480A00009C19 /* Views */,
			);
			name = PartTimeFinder;
			productName = PartTimeFinder;
			productReference = 2D5DCA3A2CED42260037CBBB /* PartTimeFinder.app */;
			productType = "com.apple.product-type.application";
		};
/* End PBXNativeTarget section */

/* Begin PBXProject section */
		2D5DCA322CED42260037CBBB /* Project object */ = {
			isa = PBXProject;
			attributes = {
				BuildIndependentTargetsInParallel = 1;
				LastSwiftUpdateCheck = 1540;
				LastUpgradeCheck = 1540;
				TargetAttributes = {
					2D5DCA392CED42260037CBBB = {
						CreatedOnToolsVersion = 15.4;
					};
				};
			};
			buildConfigurationList = 2D5DCA352CED42260037CBBB /* Build configuration list for PBXProject "PartTimeFinder" */;
			compatibilityVersion = "Xcode 14.0";
			developmentRegion = en;
			hasScannedForEncodings = 0;
			knownRegions = (
				en,
				Base,
			);
			mainGroup = 2D5DCA312CED42260037CBBB;
			productRefGroup = 2D5DCA3B2CED42260037CBBB /* Products */;
			projectDirPath = "";
			projectRoot = "";
			targets = (
				2D5DCA392CED42260037CBBB /* PartTimeFinder */,
			);
		};
/* End PBXProject section */

/* Begin PBXResourcesBuildPhase section */
		2D5DCA382CED42260037CBBB /* Resources */ = {
			isa = PBXResourcesBuildPhase;
			buildActionMask = 2147483647;
			files = (
				2D5DCA472CED422B0037CBBB /* Assets.xcassets in Resources */,
				2D5DCA4A2CED422B0037CBBB /* Base in Resources */,
				2D5DCA452CED42260037CBBB /* Base in Resources */,
			);
			runOnlyForDeploymentPostprocessing = 0;
		};
/* End PBXResourcesBuildPhase section */

/* Begin PBXSourcesBuildPhase section */
		2D5DCA362CED42260037CBBB /* Sources */ = {
			isa = PBXSourcesBuildPhase;
			buildActionMask = 2147483647;
			files = (
				1A992C8B2CED487600009C19 /* PhotoManager.swift in Sources */,
				2D5DCA422CED42260037CBBB /* ViewController.swift in Sources */,
				1A992C892CED486300009C19 /* Add Jobs Progress Indicator Manager.swift in Sources */,
				2D5DCA3E2CED42260037CBBB /* AppDelegate.swift in Sources */,
				2D5DCA402CED42260037CBBB /* SceneDelegate.swift in Sources */,
				1A992C872CED484600009C19 /* Add Jobs View Controller.swift in Sources */,
			);
			runOnlyForDeploymentPostprocessing = 0;
		};
/* End PBXSourcesBuildPhase section */

/* Begin PBXVariantGroup section */
		2D5DCA432CED42260037CBBB /* Main.storyboard */ = {
			isa = PBXVariantGroup;
			children = (
				2D5DCA442CED42260037CBBB /* Base */,
			);
			name = Main.storyboard;
			sourceTree = "<group>";
		};
		2D5DCA482CED422B0037CBBB /* LaunchScreen.storyboard */ = {
			isa = PBXVariantGroup;
			children = (
				2D5DCA492CED422B0037CBBB /* Base */,
			);
			name = LaunchScreen.storyboard;
			sourceTree = "<group>";
		};
/* End PBXVariantGroup section */

/* Begin XCBuildConfiguration section */
		2D5DCA4C2CED422B0037CBBB /* Debug */ = {
			isa = XCBuildConfiguration;
			buildSettings = {
				ALWAYS_SEARCH_USER_PATHS = NO;
				ASSETCATALOG_COMPILER_GENERATE_SWIFT_ASSET_SYMBOL_EXTENSIONS = YES;
				CLANG_ANALYZER_NONNULL = YES;
				CLANG_ANALYZER_NUMBER_OBJECT_CONVERSION = YES_AGGRESSIVE;
				CLANG_CXX_LANGUAGE_STANDARD = "gnu++20";
				CLANG_ENABLE_MODULES = YES;
				CLANG_ENABLE_OBJC_ARC = YES;
				CLANG_ENABLE_OBJC_WEAK = YES;
				CLANG_WARN_BLOCK_CAPTURE_AUTORELEASING = YES;
				CLANG_WARN_BOOL_CONVERSION = YES;
				CLANG_WARN_COMMA = YES;
				CLANG_WARN_CONSTANT_CONVERSION = YES;
				CLANG_WARN_DEPRECATED_OBJC_IMPLEMENTATIONS = YES;
				CLANG_WARN_DIRECT_OBJC_ISA_USAGE = YES_ERROR;
				CLANG_WARN_DOCUMENTATION_COMMENTS = YES;
				CLANG_WARN_EMPTY_BODY = YES;
				CLANG_WARN_ENUM_CONVERSION = YES;
				CLANG_WARN_INFINITE_RECURSION = YES;
				CLANG_WARN_INT_CONVERSION = YES;
				CLANG_WARN_NON_LITERAL_NULL_CONVERSION = YES;
				CLANG_WARN_OBJC_IMPLICIT_RETAIN_SELF = YES;
				CLANG_WARN_OBJC_LITERAL_CONVERSION = YES;
				CLANG_WARN_OBJC_ROOT_CLASS = YES_ERROR;
				CLANG_WARN_QUOTED_INCLUDE_IN_FRAMEWORK_HEADER = YES;
				CLANG_WARN_RANGE_LOOP_ANALYSIS = YES;
				CLANG_WARN_STRICT_PROTOTYPES = YES;
				CLANG_WARN_SUSPICIOUS_MOVE = YES;
				CLANG_WARN_UNGUARDED_AVAILABILITY = YES_AGGRESSIVE;
				CLANG_WARN_UNREACHABLE_CODE = YES;
				CLANG_WARN__DUPLICATE_METHOD_MATCH = YES;
				COPY_PHASE_STRIP = NO;
				DEBUG_INFORMATION_FORMAT = dwarf;
				ENABLE_STRICT_OBJC_MSGSEND = YES;
				ENABLE_TESTABILITY = YES;
				ENABLE_USER_SCRIPT_SANDBOXING = YES;
				GCC_C_LANGUAGE_STANDARD = gnu17;
				GCC_DYNAMIC_NO_PIC = NO;
				GCC_NO_COMMON_BLOCKS = YES;
				GCC_OPTIMIZATION_LEVEL = 0;
				GCC_PREPROCESSOR_DEFINITIONS = (
					"DEBUG=1",
					"$(inherited)",
				);
				GCC_WARN_64_TO_32_BIT_CONVERSION = YES;
				GCC_WARN_ABOUT_RETURN_TYPE = YES_ERROR;
				GCC_WARN_UNDECLARED_SELECTOR = YES;
				GCC_WARN_UNINITIALIZED_AUTOS = YES_AGGRESSIVE;
				GCC_WARN_UNUSED_FUNCTION = YES;
				GCC_WARN_UNUSED_VARIABLE = YES;
				IPHONEOS_DEPLOYMENT_TARGET = 17.5;
				LOCALIZATION_PREFERS_STRING_CATALOGS = YES;
				MTL_ENABLE_DEBUG_INFO = INCLUDE_SOURCE;
				MTL_FAST_MATH = YES;
				ONLY_ACTIVE_ARCH = YES;
				SDKROOT = iphoneos;
				SWIFT_ACTIVE_COMPILATION_CONDITIONS = "DEBUG $(inherited)";
				SWIFT_OPTIMIZATION_LEVEL = "-Onone";
			};
			name = Debug;
		};
		2D5DCA4D2CED422B0037CBBB /* Release */ = {
			isa = XCBuildConfiguration;
			buildSettings = {
				ALWAYS_SEARCH_USER_PATHS = NO;
				ASSETCATALOG_COMPILER_GENERATE_SWIFT_ASSET_SYMBOL_EXTENSIONS = YES;
				CLANG_ANALYZER_NONNULL = YES;
				CLANG_ANALYZER_NUMBER_OBJECT_CONVERSION = YES_AGGRESSIVE;
				CLANG_CXX_LANGUAGE_STANDARD = "gnu++20";
				CLANG_ENABLE_MODULES = YES;
				CLANG_ENABLE_OBJC_ARC = YES;
				CLANG_ENABLE_OBJC_WEAK = YES;
				CLANG_WARN_BLOCK_CAPTURE_AUTORELEASING = YES;
				CLANG_WARN_BOOL_CONVERSION = YES;
				CLANG_WARN_COMMA = YES;
				CLANG_WARN_CONSTANT_CONVERSION = YES;
				CLANG_WARN_DEPRECATED_OBJC_IMPLEMENTATIONS = YES;
				CLANG_WARN_DIRECT_OBJC_ISA_USAGE = YES_ERROR;
				CLANG_WARN_DOCUMENTATION_COMMENTS = YES;
				CLANG_WARN_EMPTY_BODY = YES;
				CLANG_WARN_ENUM_CONVERSION = YES;
				CLANG_WARN_INFINITE_RECURSION = YES;
				CLANG_WARN_INT_CONVERSION = YES;
				CLANG_WARN_NON_LITERAL_NULL_CONVERSION = YES;
				CLANG_WARN_OBJC_IMPLICIT_RETAIN_SELF = YES;
				CLANG_WARN_OBJC_LITERAL_CONVERSION = YES;
				CLANG_WARN_OBJC_ROOT_CLASS = YES_ERROR;
				CLANG_WARN_QUOTED_INCLUDE_IN_FRAMEWORK_HEADER = YES;
				CLANG_WARN_RANGE_LOOP_ANALYSIS = YES;
				CLANG_WARN_STRICT_PROTOTYPES = YES;
				CLANG_WARN_SUSPICIOUS_MOVE = YES;
				CLANG_WARN_UNGUARDED_AVAILABILITY = YES_AGGRESSIVE;
				CLANG_WARN_UNREACHABLE_CODE = YES;
				CLANG_WARN__DUPLICATE_METHOD_MATCH = YES;
				COPY_PHASE_STRIP = NO;
				DEBUG_INFORMATION_FORMAT = "dwarf-with-dsym";
				ENABLE_NS_ASSERTIONS = NO;
				ENABLE_STRICT_OBJC_MSGSEND = YES;
				ENABLE_USER_SCRIPT_SANDBOXING = YES;
				GCC_C_LANGUAGE_STANDARD = gnu17;
				GCC_NO_COMMON_BLOCKS = YES;
				GCC_WARN_64_TO_32_BIT_CONVERSION = YES;
				GCC_WARN_ABOUT_RETURN_TYPE = YES_ERROR;
				GCC_WARN_UNDECLARED_SELECTOR = YES;
				GCC_WARN_UNINITIALIZED_AUTOS = YES_AGGRESSIVE;
				GCC_WARN_UNUSED_FUNCTION = YES;
				GCC_WARN_UNUSED_VARIABLE = YES;
				IPHONEOS_DEPLOYMENT_TARGET = 17.5;
				LOCALIZATION_PREFERS_STRING_CATALOGS = YES;
				MTL_ENABLE_DEBUG_INFO = NO;
				MTL_FAST_MATH = YES;
				SDKROOT = iphoneos;
				SWIFT_COMPILATION_MODE = wholemodule;
				VALIDATE_PRODUCT = YES;
			};
			name = Release;
		};
		2D5DCA4F2CED422B0037CBBB /* Debug */ = {
			isa = XCBuildConfiguration;
			buildSettings = {
				ASSETCATALOG_COMPILER_APPICON_NAME = AppIcon;
				ASSETCATALOG_COMPILER_GLOBAL_ACCENT_COLOR_NAME = AccentColor;
				CODE_SIGN_STYLE = Automatic;
				CURRENT_PROJECT_VERSION = 1;
				DEVELOPMENT_TEAM = 99P47VK8DS;
				GENERATE_INFOPLIST_FILE = YES;
				INFOPLIST_FILE = PartTimeFinder/Info.plist;
				INFOPLIST_KEY_UIApplicationSupportsIndirectInputEvents = YES;
				INFOPLIST_KEY_UILaunchStoryboardName = LaunchScreen;
				INFOPLIST_KEY_UIMainStoryboardFile = Main;
				INFOPLIST_KEY_UISupportedInterfaceOrientations_iPad = "UIInterfaceOrientationPortrait UIInterfaceOrientationPortraitUpsideDown UIInterfaceOrientationLandscapeLeft UIInterfaceOrientationLandscapeRight";
				INFOPLIST_KEY_UISupportedInterfaceOrientations_iPhone = "UIInterfaceOrientationPortrait UIInterfaceOrientationLandscapeLeft UIInterfaceOrientationLandscapeRight";
				LD_RUNPATH_SEARCH_PATHS = (
					"$(inherited)",
					"@executable_path/Frameworks",
				);
				MARKETING_VERSION = 1.0;
				PRODUCT_BUNDLE_IDENTIFIER = rahulchandak.PartTimeFinder;
				PRODUCT_NAME = "$(TARGET_NAME)";
				SWIFT_EMIT_LOC_STRINGS = YES;
				SWIFT_VERSION = 5.0;
				TARGETED_DEVICE_FAMILY = "1,2";
			};
			name = Debug;
		};
		2D5DCA502CED422B0037CBBB /* Release */ = {
			isa = XCBuildConfiguration;
			buildSettings = {
				ASSETCATALOG_COMPILER_APPICON_NAME = AppIcon;
				ASSETCATALOG_COMPILER_GLOBAL_ACCENT_COLOR_NAME = AccentColor;
				CODE_SIGN_STYLE = Automatic;
				CURRENT_PROJECT_VERSION = 1;
				DEVELOPMENT_TEAM = 99P47VK8DS;
				GENERATE_INFOPLIST_FILE = YES;
				INFOPLIST_FILE = PartTimeFinder/Info.plist;
				INFOPLIST_KEY_UIApplicationSupportsIndirectInputEvents = YES;
				INFOPLIST_KEY_UILaunchStoryboardName = LaunchScreen;
				INFOPLIST_KEY_UIMainStoryboardFile = Main;
				INFOPLIST_KEY_UISupportedInterfaceOrientations_iPad = "UIInterfaceOrientationPortrait UIInterfaceOrientationPortraitUpsideDown UIInterfaceOrientationLandscapeLeft UIInterfaceOrientationLandscapeRight";
				INFOPLIST_KEY_UISupportedInterfaceOrientations_iPhone = "UIInterfaceOrientationPortrait UIInterfaceOrientationLandscapeLeft UIInterfaceOrientationLandscapeRight";
				LD_RUNPATH_SEARCH_PATHS = (
					"$(inherited)",
					"@executable_path/Frameworks",
				);
				MARKETING_VERSION = 1.0;
				PRODUCT_BUNDLE_IDENTIFIER = rahulchandak.PartTimeFinder;
				PRODUCT_NAME = "$(TARGET_NAME)";
				SWIFT_EMIT_LOC_STRINGS = YES;
				SWIFT_VERSION = 5.0;
				TARGETED_DEVICE_FAMILY = "1,2";
			};
			name = Release;
		};
/* End XCBuildConfiguration section */

/* Begin XCConfigurationList section */
		2D5DCA352CED42260037CBBB /* Build configuration list for PBXProject "PartTimeFinder" */ = {
			isa = XCConfigurationList;
			buildConfigurations = (
				2D5DCA4C2CED422B0037CBBB /* Debug */,
				2D5DCA4D2CED422B0037CBBB /* Release */,
			);
			defaultConfigurationIsVisible = 0;
			defaultConfigurationName = Release;
		};
		2D5DCA4E2CED422B0037CBBB /* Build configuration list for PBXNativeTarget "PartTimeFinder" */ = {
			isa = XCConfigurationList;
			buildConfigurations = (
				2D5DCA4F2CED422B0037CBBB /* Debug */,
				2D5DCA502CED422B0037CBBB /* Release */,
			);
			defaultConfigurationIsVisible = 0;
			defaultConfigurationName = Release;
		};
/* End XCConfigurationList section */
	};
	rootObject = 2D5DCA322CED42260037CBBB /* Project object */;
}
