// !$*UTF8*$!
{
	archiveVersion = 1;
	classes = {
	};
	objectVersion = 70;
	objects = {

/* Begin PBXBuildFile section */
		1A992C872CED484600009C19 /* AddJobsViewController.swift in Sources */ = {isa = PBXBuildFile; fileRef = 1A992C862CED484600009C19 /* AddJobsViewController.swift */; };
		1A992C892CED486300009C19 /* AddJobsProgressIndicatorManager.swift in Sources */ = {isa = PBXBuildFile; fileRef = 1A992C882CED486300009C19 /* AddJobsProgressIndicatorManager.swift */; };
		1A992C8B2CED487600009C19 /* PhotoManager.swift in Sources */ = {isa = PBXBuildFile; fileRef = 1A992C8A2CED487600009C19 /* PhotoManager.swift */; };
		1A9C81C32D020BB30002FDC6 /* DisplayJobsProgressIndicatorManager.swift in Sources */ = {isa = PBXBuildFile; fileRef = 1A9C81C22D020BB30002FDC6 /* DisplayJobsProgressIndicatorManager.swift */; };
		2D13232D2CF0C2F20017AC3B /* JobDetailsView.swift in Sources */ = {isa = PBXBuildFile; fileRef = 2D13232C2CF0C2E40017AC3B /* JobDetailsView.swift */; };
		2D13232F2CF0C3070017AC3B /* JobDetailsViewController.swift in Sources */ = {isa = PBXBuildFile; fileRef = 2D13232E2CF0C3000017AC3B /* JobDetailsViewController.swift */; };
		2D1323312CF0C3150017AC3B /* SignUpView.swift in Sources */ = {isa = PBXBuildFile; fileRef = 2D1323302CF0C30E0017AC3B /* SignUpView.swift */; };
		2D1323332CF0C3220017AC3B /* SignUpViewController.swift in Sources */ = {isa = PBXBuildFile; fileRef = 2D1323322CF0C31D0017AC3B /* SignUpViewController.swift */; };
		2D1323352CF0C35A0017AC3B /* LoginView.swift in Sources */ = {isa = PBXBuildFile; fileRef = 2D1323342CF0C3550017AC3B /* LoginView.swift */; };
		2D13233A2CF0C3770017AC3B /* ProfileView.swift in Sources */ = {isa = PBXBuildFile; fileRef = 2D1323392CF0C3710017AC3B /* ProfileView.swift */; };
		2D13233C2CF0C37F0017AC3B /* ProfileViewController.swift in Sources */ = {isa = PBXBuildFile; fileRef = 2D13233B2CF0C37B0017AC3B /* ProfileViewController.swift */; };
		2D13233E2CF0C3920017AC3B /* ChatView.swift in Sources */ = {isa = PBXBuildFile; fileRef = 2D13233D2CF0C38F0017AC3B /* ChatView.swift */; };
		2D1323402CF0C39B0017AC3B /* ChatViewController.swift in Sources */ = {isa = PBXBuildFile; fileRef = 2D13233F2CF0C3960017AC3B /* ChatViewController.swift */; };
		2D1323432CF0C3C50017AC3B /* HomeView.swift in Sources */ = {isa = PBXBuildFile; fileRef = 2D1323422CF0C3C20017AC3B /* HomeView.swift */; };
		2D1323452CF0C3CD0017AC3B /* HomeViewController.swift in Sources */ = {isa = PBXBuildFile; fileRef = 2D1323442CF0C3C90017AC3B /* HomeViewController.swift */; };
		2D1323472CF12A490017AC3B /* Utils.swift in Sources */ = {isa = PBXBuildFile; fileRef = 2D1323462CF12A460017AC3B /* Utils.swift */; };
		2D13234B2CF198780017AC3B /* SignUpFirebaseManager.swift in Sources */ = {isa = PBXBuildFile; fileRef = 2D13234A2CF198700017AC3B /* SignUpFirebaseManager.swift */; };
		2D13234E2CF1A8220017AC3B /* FirebaseAuth in Frameworks */ = {isa = PBXBuildFile; productRef = 2D13234D2CF1A8220017AC3B /* FirebaseAuth */; };
		2D1323502CF1A8220017AC3B /* FirebaseFirestore in Frameworks */ = {isa = PBXBuildFile; productRef = 2D13234F2CF1A8220017AC3B /* FirebaseFirestore */; };
		2D1323522CF1A8220017AC3B /* FirebaseFirestoreSwift in Frameworks */ = {isa = PBXBuildFile; productRef = 2D1323512CF1A8220017AC3B /* FirebaseFirestoreSwift */; };
		2D1323542CF1A8220017AC3B /* FirebaseStorage in Frameworks */ = {isa = PBXBuildFile; productRef = 2D1323532CF1A8220017AC3B /* FirebaseStorage */; };
		2D1323562CF1A8B50017AC3B /* SignUpProgressIndicatorManager.swift in Sources */ = {isa = PBXBuildFile; fileRef = 2D1323552CF1A8B50017AC3B /* SignUpProgressIndicatorManager.swift */; };
		2D13235A2CF1A99F0017AC3B /* ProgressSpinnerDelegate.swift in Sources */ = {isa = PBXBuildFile; fileRef = 2D1323572CF1A99F0017AC3B /* ProgressSpinnerDelegate.swift */; };
		2D13235B2CF1A99F0017AC3B /* ProgressSpinnerViewController.swift in Sources */ = {isa = PBXBuildFile; fileRef = 2D1323582CF1A99F0017AC3B /* ProgressSpinnerViewController.swift */; };
		2D13235E2CF1ADCF0017AC3B /* User.swift in Sources */ = {isa = PBXBuildFile; fileRef = 2D13235D2CF1ADCD0017AC3B /* User.swift */; };
		2D1323602CF38D6D0017AC3B /* GoogleService-Info.plist in Resources */ = {isa = PBXBuildFile; fileRef = 2D13235F2CF38D6D0017AC3B /* GoogleService-Info.plist */; };
		2D1323642CF3FAE60017AC3B /* ActionsManager.swift in Sources */ = {isa = PBXBuildFile; fileRef = 2D1323632CF3FAD60017AC3B /* ActionsManager.swift */; };
		2D1323662CF400F00017AC3B /* Job.swift in Sources */ = {isa = PBXBuildFile; fileRef = 2D1323652CF400ED0017AC3B /* Job.swift */; };
		2D1323682CFE5ED70017AC3B /* JobsTableViewCell.swift in Sources */ = {isa = PBXBuildFile; fileRef = 2D1323672CFE5EC40017AC3B /* JobsTableViewCell.swift */; };
		2D13236A2CFE5F180017AC3B /* JobsTableViewManager.swift in Sources */ = {isa = PBXBuildFile; fileRef = 2D1323692CFE5F180017AC3B /* JobsTableViewManager.swift */; };
		2D13236C2CFE60020017AC3B /* AddJobsFirebaseManager.swift in Sources */ = {isa = PBXBuildFile; fileRef = 2D13236B2CFE5FFC0017AC3B /* AddJobsFirebaseManager.swift */; };
		2D13236E2CFE609D0017AC3B /* ImageViewUnits.swift in Sources */ = {isa = PBXBuildFile; fileRef = 2D13236D2CFE609C0017AC3B /* ImageViewUnits.swift */; };
		2D1323702CFE66D50017AC3B /* Configs.swift in Sources */ = {isa = PBXBuildFile; fileRef = 2D13236F2CFE66D10017AC3B /* Configs.swift */; };
		2D5DCA3E2CED42260037CBBB /* AppDelegate.swift in Sources */ = {isa = PBXBuildFile; fileRef = 2D5DCA3D2CED42260037CBBB /* AppDelegate.swift */; };
		2D5DCA402CED42260037CBBB /* SceneDelegate.swift in Sources */ = {isa = PBXBuildFile; fileRef = 2D5DCA3F2CED42260037CBBB /* SceneDelegate.swift */; };
		2D5DCA422CED42260037CBBB /* ViewController.swift in Sources */ = {isa = PBXBuildFile; fileRef = 2D5DCA412CED42260037CBBB /* ViewController.swift */; };
		2D5DCA452CED42260037CBBB /* Base in Resources */ = {isa = PBXBuildFile; fileRef = 2D5DCA442CED42260037CBBB /* Base */; };
		2D5DCA472CED422B0037CBBB /* Assets.xcassets in Resources */ = {isa = PBXBuildFile; fileRef = 2D5DCA462CED422B0037CBBB /* Assets.xcassets */; };
		2D5DCA4A2CED422B0037CBBB /* Base in Resources */ = {isa = PBXBuildFile; fileRef = 2D5DCA492CED422B0037CBBB /* Base */; };
/* End PBXBuildFile section */

/* Begin PBXFileReference section */
		1A992C862CED484600009C19 /* AddJobsViewController.swift */ = {isa = PBXFileReference; lastKnownFileType = sourcecode.swift; path = AddJobsViewController.swift; sourceTree = "<group>"; };
		1A992C882CED486300009C19 /* AddJobsProgressIndicatorManager.swift */ = {isa = PBXFileReference; lastKnownFileType = sourcecode.swift; path = AddJobsProgressIndicatorManager.swift; sourceTree = "<group>"; };
		1A992C8A2CED487600009C19 /* PhotoManager.swift */ = {isa = PBXFileReference; lastKnownFileType = sourcecode.swift; path = PhotoManager.swift; sourceTree = "<group>"; };
		1A9C81C22D020BB30002FDC6 /* DisplayJobsProgressIndicatorManager.swift */ = {isa = PBXFileReference; lastKnownFileType = sourcecode.swift; path = DisplayJobsProgressIndicatorManager.swift; sourceTree = "<group>"; };
		2D13232C2CF0C2E40017AC3B /* JobDetailsView.swift */ = {isa = PBXFileReference; lastKnownFileType = sourcecode.swift; path = JobDetailsView.swift; sourceTree = "<group>"; };
		2D13232E2CF0C3000017AC3B /* JobDetailsViewController.swift */ = {isa = PBXFileReference; lastKnownFileType = sourcecode.swift; path = JobDetailsViewController.swift; sourceTree = "<group>"; };
		2D1323302CF0C30E0017AC3B /* SignUpView.swift */ = {isa = PBXFileReference; lastKnownFileType = sourcecode.swift; path = SignUpView.swift; sourceTree = "<group>"; };
		2D1323322CF0C31D0017AC3B /* SignUpViewController.swift */ = {isa = PBXFileReference; lastKnownFileType = sourcecode.swift; path = SignUpViewController.swift; sourceTree = "<group>"; };
		2D1323342CF0C3550017AC3B /* LoginView.swift */ = {isa = PBXFileReference; lastKnownFileType = sourcecode.swift; path = LoginView.swift; sourceTree = "<group>"; };
		2D1323392CF0C3710017AC3B /* ProfileView.swift */ = {isa = PBXFileReference; lastKnownFileType = sourcecode.swift; path = ProfileView.swift; sourceTree = "<group>"; };
		2D13233B2CF0C37B0017AC3B /* ProfileViewController.swift */ = {isa = PBXFileReference; lastKnownFileType = sourcecode.swift; path = ProfileViewController.swift; sourceTree = "<group>"; };
		2D13233D2CF0C38F0017AC3B /* ChatView.swift */ = {isa = PBXFileReference; lastKnownFileType = sourcecode.swift; path = ChatView.swift; sourceTree = "<group>"; };
		2D13233F2CF0C3960017AC3B /* ChatViewController.swift */ = {isa = PBXFileReference; lastKnownFileType = sourcecode.swift; path = ChatViewController.swift; sourceTree = "<group>"; };
		2D1323422CF0C3C20017AC3B /* HomeView.swift */ = {isa = PBXFileReference; lastKnownFileType = sourcecode.swift; path = HomeView.swift; sourceTree = "<group>"; };
		2D1323442CF0C3C90017AC3B /* HomeViewController.swift */ = {isa = PBXFileReference; lastKnownFileType = sourcecode.swift; path = HomeViewController.swift; sourceTree = "<group>"; };
		2D1323462CF12A460017AC3B /* Utils.swift */ = {isa = PBXFileReference; lastKnownFileType = sourcecode.swift; path = Utils.swift; sourceTree = "<group>"; };
		2D13234A2CF198700017AC3B /* SignUpFirebaseManager.swift */ = {isa = PBXFileReference; lastKnownFileType = sourcecode.swift; path = SignUpFirebaseManager.swift; sourceTree = "<group>"; };
		2D1323552CF1A8B50017AC3B /* SignUpProgressIndicatorManager.swift */ = {isa = PBXFileReference; lastKnownFileType = sourcecode.swift; path = SignUpProgressIndicatorManager.swift; sourceTree = "<group>"; };
		2D1323572CF1A99F0017AC3B /* ProgressSpinnerDelegate.swift */ = {isa = PBXFileReference; lastKnownFileType = sourcecode.swift; path = ProgressSpinnerDelegate.swift; sourceTree = "<group>"; };
		2D1323582CF1A99F0017AC3B /* ProgressSpinnerViewController.swift */ = {isa = PBXFileReference; lastKnownFileType = sourcecode.swift; path = ProgressSpinnerViewController.swift; sourceTree = "<group>"; };
		2D13235D2CF1ADCD0017AC3B /* User.swift */ = {isa = PBXFileReference; lastKnownFileType = sourcecode.swift; path = User.swift; sourceTree = "<group>"; };
		2D13235F2CF38D6D0017AC3B /* GoogleService-Info.plist */ = {isa = PBXFileReference; lastKnownFileType = text.plist.xml; path = "GoogleService-Info.plist"; sourceTree = "<group>"; };
		2D1323632CF3FAD60017AC3B /* ActionsManager.swift */ = {isa = PBXFileReference; lastKnownFileType = sourcecode.swift; path = ActionsManager.swift; sourceTree = "<group>"; };
		2D1323652CF400ED0017AC3B /* Job.swift */ = {isa = PBXFileReference; lastKnownFileType = sourcecode.swift; path = Job.swift; sourceTree = "<group>"; };
		2D1323672CFE5EC40017AC3B /* JobsTableViewCell.swift */ = {isa = PBXFileReference; lastKnownFileType = sourcecode.swift; path = JobsTableViewCell.swift; sourceTree = "<group>"; };
		2D1323692CFE5F180017AC3B /* JobsTableViewManager.swift */ = {isa = PBXFileReference; lastKnownFileType = sourcecode.swift; path = JobsTableViewManager.swift; sourceTree = "<group>"; };
		2D13236B2CFE5FFC0017AC3B /* AddJobsFirebaseManager.swift */ = {isa = PBXFileReference; lastKnownFileType = sourcecode.swift; path = AddJobsFirebaseManager.swift; sourceTree = "<group>"; };
		2D13236D2CFE609C0017AC3B /* ImageViewUnits.swift */ = {isa = PBXFileReference; lastKnownFileType = sourcecode.swift; path = ImageViewUnits.swift; sourceTree = "<group>"; };
		2D13236F2CFE66D10017AC3B /* Configs.swift */ = {isa = PBXFileReference; lastKnownFileType = sourcecode.swift; path = Configs.swift; sourceTree = "<group>"; };
		2D5DCA3A2CED42260037CBBB /* PartTimeFinder.app */ = {isa = PBXFileReference; explicitFileType = wrapper.application; includeInIndex = 0; path = PartTimeFinder.app; sourceTree = BUILT_PRODUCTS_DIR; };
		2D5DCA3D2CED42260037CBBB /* AppDelegate.swift */ = {isa = PBXFileReference; lastKnownFileType = sourcecode.swift; path = AppDelegate.swift; sourceTree = "<group>"; };
		2D5DCA3F2CED42260037CBBB /* SceneDelegate.swift */ = {isa = PBXFileReference; lastKnownFileType = sourcecode.swift; path = SceneDelegate.swift; sourceTree = "<group>"; };
		2D5DCA412CED42260037CBBB /* ViewController.swift */ = {isa = PBXFileReference; lastKnownFileType = sourcecode.swift; path = ViewController.swift; sourceTree = "<group>"; };
		2D5DCA442CED42260037CBBB /* Base */ = {isa = PBXFileReference; lastKnownFileType = file.storyboard; name = Base; path = Base.lproj/Main.storyboard; sourceTree = "<group>"; };
		2D5DCA462CED422B0037CBBB /* Assets.xcassets */ = {isa = PBXFileReference; lastKnownFileType = folder.assetcatalog; path = Assets.xcassets; sourceTree = "<group>"; };
		2D5DCA492CED422B0037CBBB /* Base */ = {isa = PBXFileReference; lastKnownFileType = file.storyboard; name = Base; path = Base.lproj/LaunchScreen.storyboard; sourceTree = "<group>"; };
		2D5DCA4B2CED422B0037CBBB /* Info.plist */ = {isa = PBXFileReference; lastKnownFileType = text.plist.xml; path = Info.plist; sourceTree = "<group>"; };
/* End PBXFileReference section */

/* Begin PBXFileSystemSynchronizedRootGroup section */
		1A992C852CED480A00009C19 /* Views */ = {isa = PBXFileSystemSynchronizedRootGroup; explicitFileTypes = {}; explicitFolders = (); path = Views; sourceTree = "<group>"; };
/* End PBXFileSystemSynchronizedRootGroup section */

/* Begin PBXFrameworksBuildPhase section */
		2D5DCA372CED42260037CBBB /* Frameworks */ = {
			isa = PBXFrameworksBuildPhase;
			buildActionMask = 2147483647;
			files = (
				2D13234E2CF1A8220017AC3B /* FirebaseAuth in Frameworks */,
				2D1323542CF1A8220017AC3B /* FirebaseStorage in Frameworks */,
				2D1323502CF1A8220017AC3B /* FirebaseFirestore in Frameworks */,
				2D1323522CF1A8220017AC3B /* FirebaseFirestoreSwift in Frameworks */,
			);
			runOnlyForDeploymentPostprocessing = 0;
		};
/* End PBXFrameworksBuildPhase section */

/* Begin PBXGroup section */
		1A992C842CED47F100009C19 /* AddJobScreen */ = {
			isa = PBXGroup;
			children = (
				2D13236B2CFE5FFC0017AC3B /* AddJobsFirebaseManager.swift */,
				1A992C8A2CED487600009C19 /* PhotoManager.swift */,
				1A992C882CED486300009C19 /* AddJobsProgressIndicatorManager.swift */,
				1A992C862CED484600009C19 /* AddJobsViewController.swift */,
				1A992C852CED480A00009C19 /* Views */,
			);
			path = AddJobScreen;
			sourceTree = "<group>";
		};
		2D1323272CF0C2860017AC3B /* Job Details Screen */ = {
			isa = PBXGroup;
			children = (
				2D13232C2CF0C2E40017AC3B /* JobDetailsView.swift */,
				2D13232E2CF0C3000017AC3B /* JobDetailsViewController.swift */,
				2D1323632CF3FAD60017AC3B /* ActionsManager.swift */,
				1A9C81C22D020BB30002FDC6 /* DisplayJobsProgressIndicatorManager.swift */,
			);
			path = "Job Details Screen";
			sourceTree = "<group>";
		};
		2D1323282CF0C28F0017AC3B /* SignUp Screen */ = {
			isa = PBXGroup;
			children = (
				2D13234A2CF198700017AC3B /* SignUpFirebaseManager.swift */,
				2D1323552CF1A8B50017AC3B /* SignUpProgressIndicatorManager.swift */,
				2D1323302CF0C30E0017AC3B /* SignUpView.swift */,
				2D1323322CF0C31D0017AC3B /* SignUpViewController.swift */,
			);
			path = "SignUp Screen";
			sourceTree = "<group>";
		};
		2D1323292CF0C2960017AC3B /* Login Screen */ = {
			isa = PBXGroup;
			children = (
				2D1323342CF0C3550017AC3B /* LoginView.swift */,
				2D5DCA412CED42260037CBBB /* ViewController.swift */,
			);
			path = "Login Screen";
			sourceTree = "<group>";
		};
		2D13232A2CF0C2B00017AC3B /* Profile Screen */ = {
			isa = PBXGroup;
			children = (
				2D1323392CF0C3710017AC3B /* ProfileView.swift */,
				2D13233B2CF0C37B0017AC3B /* ProfileViewController.swift */,
			);
			path = "Profile Screen";
			sourceTree = "<group>";
		};
		2D13232B2CF0C2C20017AC3B /* Chat Screen */ = {
			isa = PBXGroup;
			children = (
				2D13233D2CF0C38F0017AC3B /* ChatView.swift */,
				2D13233F2CF0C3960017AC3B /* ChatViewController.swift */,
			);
			path = "Chat Screen";
			sourceTree = "<group>";
		};
		2D1323412CF0C3B80017AC3B /* Home Screen */ = {
			isa = PBXGroup;
			children = (
				2D1323422CF0C3C20017AC3B /* HomeView.swift */,
				2D1323672CFE5EC40017AC3B /* JobsTableViewCell.swift */,
				2D1323442CF0C3C90017AC3B /* HomeViewController.swift */,
				2D1323692CFE5F180017AC3B /* JobsTableViewManager.swift */,
			);
			path = "Home Screen";
			sourceTree = "<group>";
		};
		2D1323592CF1A99F0017AC3B /* Progress Indicator */ = {
			isa = PBXGroup;
			children = (
				2D1323572CF1A99F0017AC3B /* ProgressSpinnerDelegate.swift */,
				2D1323582CF1A99F0017AC3B /* ProgressSpinnerViewController.swift */,
			);
			path = "Progress Indicator";
			sourceTree = "<group>";
		};
		2D13235C2CF1ADC00017AC3B /* Data Models */ = {
			isa = PBXGroup;
			children = (
				2D1323652CF400ED0017AC3B /* Job.swift */,
				2D13235D2CF1ADCD0017AC3B /* User.swift */,
			);
			path = "Data Models";
			sourceTree = "<group>";
		};
		2D5DCA312CED42260037CBBB = {
			isa = PBXGroup;
			children = (
				2D5DCA3C2CED42260037CBBB /* PartTimeFinder */,
				2D5DCA3B2CED42260037CBBB /* Products */,
			);
			sourceTree = "<group>";
		};
		2D5DCA3B2CED42260037CBBB /* Products */ = {
			isa = PBXGroup;
			children = (
				2D5DCA3A2CED42260037CBBB /* PartTimeFinder.app */,
			);
			name = Products;
			sourceTree = "<group>";
		};
		2D5DCA3C2CED42260037CBBB /* PartTimeFinder */ = {
			isa = PBXGroup;
			children = (
				2D13236F2CFE66D10017AC3B /* Configs.swift */,
				2D13235C2CF1ADC00017AC3B /* Data Models */,
				2D1323592CF1A99F0017AC3B /* Progress Indicator */,
				2D1323462CF12A460017AC3B /* Utils.swift */,
				2D1323412CF0C3B80017AC3B /* Home Screen */,
				2D13232B2CF0C2C20017AC3B /* Chat Screen */,
				2D13232A2CF0C2B00017AC3B /* Profile Screen */,
				2D1323292CF0C2960017AC3B /* Login Screen */,
				2D1323282CF0C28F0017AC3B /* SignUp Screen */,
				2D1323272CF0C2860017AC3B /* Job Details Screen */,
				1A992C842CED47F100009C19 /* AddJobScreen */,
				2D5DCA3D2CED42260037CBBB /* AppDelegate.swift */,
				2D13236D2CFE609C0017AC3B /* ImageViewUnits.swift */,
				2D5DCA3F2CED42260037CBBB /* SceneDelegate.swift */,
				2D5DCA432CED42260037CBBB /* Main.storyboard */,
				2D5DCA462CED422B0037CBBB /* Assets.xcassets */,
				2D5DCA482CED422B0037CBBB /* LaunchScreen.storyboard */,
				2D5DCA4B2CED422B0037CBBB /* Info.plist */,
				2D13235F2CF38D6D0017AC3B /* GoogleService-Info.plist */,
			);
			path = PartTimeFinder;
			sourceTree = "<group>";
		};
/* End PBXGroup section */

/* Begin PBXNativeTarget section */
		2D5DCA392CED42260037CBBB /* PartTimeFinder */ = {
			isa = PBXNativeTarget;
			buildConfigurationList = 2D5DCA4E2CED422B0037CBBB /* Build configuration list for PBXNativeTarget "PartTimeFinder" */;
			buildPhases = (
				2D5DCA362CED42260037CBBB /* Sources */,
				2D5DCA372CED42260037CBBB /* Frameworks */,
				2D5DCA382CED42260037CBBB /* Resources */,
			);
			buildRules = (
			);
			dependencies = (
			);
			fileSystemSynchronizedGroups = (
				1A992C852CED480A00009C19 /* Views */,
			);
			name = PartTimeFinder;
			productName = PartTimeFinder;
			productReference = 2D5DCA3A2CED42260037CBBB /* PartTimeFinder.app */;
			productType = "com.apple.product-type.application";
		};
/* End PBXNativeTarget section */

/* Begin PBXProject section */
		2D5DCA322CED42260037CBBB /* Project object */ = {
			isa = PBXProject;
			attributes = {
				BuildIndependentTargetsInParallel = 1;
				LastSwiftUpdateCheck = 1540;
				LastUpgradeCheck = 1540;
				TargetAttributes = {
					2D5DCA392CED42260037CBBB = {
						CreatedOnToolsVersion = 15.4;
					};
				};
			};
			buildConfigurationList = 2D5DCA352CED42260037CBBB /* Build configuration list for PBXProject "PartTimeFinder" */;
			compatibilityVersion = "Xcode 14.0";
			developmentRegion = en;
			hasScannedForEncodings = 0;
			knownRegions = (
				en,
				Base,
			);
			mainGroup = 2D5DCA312CED42260037CBBB;
			packageReferences = (
				2D13234C2CF1A8220017AC3B /* XCRemoteSwiftPackageReference "firebase-ios-sdk" */,
			);
			productRefGroup = 2D5DCA3B2CED42260037CBBB /* Products */;
			projectDirPath = "";
			projectRoot = "";
			targets = (
				2D5DCA392CED42260037CBBB /* PartTimeFinder */,
			);
		};
/* End PBXProject section */

/* Begin PBXResourcesBuildPhase section */
		2D5DCA382CED42260037CBBB /* Resources */ = {
			isa = PBXResourcesBuildPhase;
			buildActionMask = 2147483647;
			files = (
				2D5DCA472CED422B0037CBBB /* Assets.xcassets in Resources */,
				2D1323602CF38D6D0017AC3B /* GoogleService-Info.plist in Resources */,
				2D5DCA4A2CED422B0037CBBB /* Base in Resources */,
				2D5DCA452CED42260037CBBB /* Base in Resources */,
			);
			runOnlyForDeploymentPostprocessing = 0;
		};
/* End PBXResourcesBuildPhase section */

/* Begin PBXSourcesBuildPhase section */
		2D5DCA362CED42260037CBBB /* Sources */ = {
			isa = PBXSourcesBuildPhase;
			buildActionMask = 2147483647;
			files = (
				2D1323642CF3FAE60017AC3B /* ActionsManager.swift in Sources */,
				2D1323702CFE66D50017AC3B /* Configs.swift in Sources */,
				2D1323332CF0C3220017AC3B /* SignUpViewController.swift in Sources */,
				2D13233A2CF0C3770017AC3B /* ProfileView.swift in Sources */,
				2D1323402CF0C39B0017AC3B /* ChatViewController.swift in Sources */,
				2D13236A2CFE5F180017AC3B /* JobsTableViewManager.swift in Sources */,
				1A992C8B2CED487600009C19 /* PhotoManager.swift in Sources */,
				2D1323682CFE5ED70017AC3B /* JobsTableViewCell.swift in Sources */,
				2D13235A2CF1A99F0017AC3B /* ProgressSpinnerDelegate.swift in Sources */,
				2D13235B2CF1A99F0017AC3B /* ProgressSpinnerViewController.swift in Sources */,
				2D13236E2CFE609D0017AC3B /* ImageViewUnits.swift in Sources */,
				2D13234B2CF198780017AC3B /* SignUpFirebaseManager.swift in Sources */,
				2D1323452CF0C3CD0017AC3B /* HomeViewController.swift in Sources */,
				2D1323562CF1A8B50017AC3B /* SignUpProgressIndicatorManager.swift in Sources */,
				2D1323432CF0C3C50017AC3B /* HomeView.swift in Sources */,
				2D13233C2CF0C37F0017AC3B /* ProfileViewController.swift in Sources */,
				2D5DCA422CED42260037CBBB /* ViewController.swift in Sources */,
				2D13232D2CF0C2F20017AC3B /* JobDetailsView.swift in Sources */,
				2D13233E2CF0C3920017AC3B /* ChatView.swift in Sources */,
				2D13232F2CF0C3070017AC3B /* JobDetailsViewController.swift in Sources */,
				1A9C81C32D020BB30002FDC6 /* DisplayJobsProgressIndicatorManager.swift in Sources */,
				2D1323662CF400F00017AC3B /* Job.swift in Sources */,
				2D1323352CF0C35A0017AC3B /* LoginView.swift in Sources */,
				1A992C892CED486300009C19 /* AddJobsProgressIndicatorManager.swift in Sources */,
				2D1323312CF0C3150017AC3B /* SignUpView.swift in Sources */,
				2D5DCA3E2CED42260037CBBB /* AppDelegate.swift in Sources */,
				2D13235E2CF1ADCF0017AC3B /* User.swift in Sources */,
				2D5DCA402CED42260037CBBB /* SceneDelegate.swift in Sources */,
				2D13236C2CFE60020017AC3B /* AddJobsFirebaseManager.swift in Sources */,
				2D1323472CF12A490017AC3B /* Utils.swift in Sources */,
				1A992C872CED484600009C19 /* AddJobsViewController.swift in Sources */,
			);
			runOnlyForDeploymentPostprocessing = 0;
		};
/* End PBXSourcesBuildPhase section */

/* Begin PBXVariantGroup section */
		2D5DCA432CED42260037CBBB /* Main.storyboard */ = {
			isa = PBXVariantGroup;
			children = (
				2D5DCA442CED42260037CBBB /* Base */,
			);
			name = Main.storyboard;
			sourceTree = "<group>";
		};
		2D5DCA482CED422B0037CBBB /* LaunchScreen.storyboard */ = {
			isa = PBXVariantGroup;
			children = (
				2D5DCA492CED422B0037CBBB /* Base */,
			);
			name = LaunchScreen.storyboard;
			sourceTree = "<group>";
		};
/* End PBXVariantGroup section */

/* Begin XCBuildConfiguration section */
		2D5DCA4C2CED422B0037CBBB /* Debug */ = {
			isa = XCBuildConfiguration;
			buildSettings = {
				ALWAYS_SEARCH_USER_PATHS = NO;
				ASSETCATALOG_COMPILER_GENERATE_SWIFT_ASSET_SYMBOL_EXTENSIONS = YES;
				CLANG_ANALYZER_NONNULL = YES;
				CLANG_ANALYZER_NUMBER_OBJECT_CONVERSION = YES_AGGRESSIVE;
				CLANG_CXX_LANGUAGE_STANDARD = "gnu++20";
				CLANG_ENABLE_MODULES = YES;
				CLANG_ENABLE_OBJC_ARC = YES;
				CLANG_ENABLE_OBJC_WEAK = YES;
				CLANG_WARN_BLOCK_CAPTURE_AUTORELEASING = YES;
				CLANG_WARN_BOOL_CONVERSION = YES;
				CLANG_WARN_COMMA = YES;
				CLANG_WARN_CONSTANT_CONVERSION = YES;
				CLANG_WARN_DEPRECATED_OBJC_IMPLEMENTATIONS = YES;
				CLANG_WARN_DIRECT_OBJC_ISA_USAGE = YES_ERROR;
				CLANG_WARN_DOCUMENTATION_COMMENTS = YES;
				CLANG_WARN_EMPTY_BODY = YES;
				CLANG_WARN_ENUM_CONVERSION = YES;
				CLANG_WARN_INFINITE_RECURSION = YES;
				CLANG_WARN_INT_CONVERSION = YES;
				CLANG_WARN_NON_LITERAL_NULL_CONVERSION = YES;
				CLANG_WARN_OBJC_IMPLICIT_RETAIN_SELF = YES;
				CLANG_WARN_OBJC_LITERAL_CONVERSION = YES;
				CLANG_WARN_OBJC_ROOT_CLASS = YES_ERROR;
				CLANG_WARN_QUOTED_INCLUDE_IN_FRAMEWORK_HEADER = YES;
				CLANG_WARN_RANGE_LOOP_ANALYSIS = YES;
				CLANG_WARN_STRICT_PROTOTYPES = YES;
				CLANG_WARN_SUSPICIOUS_MOVE = YES;
				CLANG_WARN_UNGUARDED_AVAILABILITY = YES_AGGRESSIVE;
				CLANG_WARN_UNREACHABLE_CODE = YES;
				CLANG_WARN__DUPLICATE_METHOD_MATCH = YES;
				COPY_PHASE_STRIP = NO;
				DEBUG_INFORMATION_FORMAT = dwarf;
				ENABLE_STRICT_OBJC_MSGSEND = YES;
				ENABLE_TESTABILITY = YES;
				ENABLE_USER_SCRIPT_SANDBOXING = YES;
				GCC_C_LANGUAGE_STANDARD = gnu17;
				GCC_DYNAMIC_NO_PIC = NO;
				GCC_NO_COMMON_BLOCKS = YES;
				GCC_OPTIMIZATION_LEVEL = 0;
				GCC_PREPROCESSOR_DEFINITIONS = (
					"DEBUG=1",
					"$(inherited)",
				);
				GCC_WARN_64_TO_32_BIT_CONVERSION = YES;
				GCC_WARN_ABOUT_RETURN_TYPE = YES_ERROR;
				GCC_WARN_UNDECLARED_SELECTOR = YES;
				GCC_WARN_UNINITIALIZED_AUTOS = YES_AGGRESSIVE;
				GCC_WARN_UNUSED_FUNCTION = YES;
				GCC_WARN_UNUSED_VARIABLE = YES;
				IPHONEOS_DEPLOYMENT_TARGET = 17.5;
				LOCALIZATION_PREFERS_STRING_CATALOGS = YES;
				MTL_ENABLE_DEBUG_INFO = INCLUDE_SOURCE;
				MTL_FAST_MATH = YES;
				ONLY_ACTIVE_ARCH = YES;
				SDKROOT = iphoneos;
				SWIFT_ACTIVE_COMPILATION_CONDITIONS = "DEBUG $(inherited)";
				SWIFT_OPTIMIZATION_LEVEL = "-Onone";
			};
			name = Debug;
		};
		2D5DCA4D2CED422B0037CBBB /* Release */ = {
			isa = XCBuildConfiguration;
			buildSettings = {
				ALWAYS_SEARCH_USER_PATHS = NO;
				ASSETCATALOG_COMPILER_GENERATE_SWIFT_ASSET_SYMBOL_EXTENSIONS = YES;
				CLANG_ANALYZER_NONNULL = YES;
				CLANG_ANALYZER_NUMBER_OBJECT_CONVERSION = YES_AGGRESSIVE;
				CLANG_CXX_LANGUAGE_STANDARD = "gnu++20";
				CLANG_ENABLE_MODULES = YES;
				CLANG_ENABLE_OBJC_ARC = YES;
				CLANG_ENABLE_OBJC_WEAK = YES;
				CLANG_WARN_BLOCK_CAPTURE_AUTORELEASING = YES;
				CLANG_WARN_BOOL_CONVERSION = YES;
				CLANG_WARN_COMMA = YES;
				CLANG_WARN_CONSTANT_CONVERSION = YES;
				CLANG_WARN_DEPRECATED_OBJC_IMPLEMENTATIONS = YES;
				CLANG_WARN_DIRECT_OBJC_ISA_USAGE = YES_ERROR;
				CLANG_WARN_DOCUMENTATION_COMMENTS = YES;
				CLANG_WARN_EMPTY_BODY = YES;
				CLANG_WARN_ENUM_CONVERSION = YES;
				CLANG_WARN_INFINITE_RECURSION = YES;
				CLANG_WARN_INT_CONVERSION = YES;
				CLANG_WARN_NON_LITERAL_NULL_CONVERSION = YES;
				CLANG_WARN_OBJC_IMPLICIT_RETAIN_SELF = YES;
				CLANG_WARN_OBJC_LITERAL_CONVERSION = YES;
				CLANG_WARN_OBJC_ROOT_CLASS = YES_ERROR;
				CLANG_WARN_QUOTED_INCLUDE_IN_FRAMEWORK_HEADER = YES;
				CLANG_WARN_RANGE_LOOP_ANALYSIS = YES;
				CLANG_WARN_STRICT_PROTOTYPES = YES;
				CLANG_WARN_SUSPICIOUS_MOVE = YES;
				CLANG_WARN_UNGUARDED_AVAILABILITY = YES_AGGRESSIVE;
				CLANG_WARN_UNREACHABLE_CODE = YES;
				CLANG_WARN__DUPLICATE_METHOD_MATCH = YES;
				COPY_PHASE_STRIP = NO;
				DEBUG_INFORMATION_FORMAT = "dwarf-with-dsym";
				ENABLE_NS_ASSERTIONS = NO;
				ENABLE_STRICT_OBJC_MSGSEND = YES;
				ENABLE_USER_SCRIPT_SANDBOXING = YES;
				GCC_C_LANGUAGE_STANDARD = gnu17;
				GCC_NO_COMMON_BLOCKS = YES;
				GCC_WARN_64_TO_32_BIT_CONVERSION = YES;
				GCC_WARN_ABOUT_RETURN_TYPE = YES_ERROR;
				GCC_WARN_UNDECLARED_SELECTOR = YES;
				GCC_WARN_UNINITIALIZED_AUTOS = YES_AGGRESSIVE;
				GCC_WARN_UNUSED_FUNCTION = YES;
				GCC_WARN_UNUSED_VARIABLE = YES;
				IPHONEOS_DEPLOYMENT_TARGET = 17.5;
				LOCALIZATION_PREFERS_STRING_CATALOGS = YES;
				MTL_ENABLE_DEBUG_INFO = NO;
				MTL_FAST_MATH = YES;
				SDKROOT = iphoneos;
				SWIFT_COMPILATION_MODE = wholemodule;
				VALIDATE_PRODUCT = YES;
			};
			name = Release;
		};
		2D5DCA4F2CED422B0037CBBB /* Debug */ = {
			isa = XCBuildConfiguration;
			buildSettings = {
				ASSETCATALOG_COMPILER_APPICON_NAME = AppIcon;
				ASSETCATALOG_COMPILER_GLOBAL_ACCENT_COLOR_NAME = AccentColor;
				CODE_SIGN_STYLE = Automatic;
				CURRENT_PROJECT_VERSION = 1;
				DEVELOPMENT_TEAM = 99P47VK8DS;
				GENERATE_INFOPLIST_FILE = YES;
				INFOPLIST_FILE = PartTimeFinder/Info.plist;
				INFOPLIST_KEY_UIApplicationSupportsIndirectInputEvents = YES;
				INFOPLIST_KEY_UILaunchStoryboardName = LaunchScreen;
				INFOPLIST_KEY_UIMainStoryboardFile = Main;
				INFOPLIST_KEY_UISupportedInterfaceOrientations_iPad = "UIInterfaceOrientationPortrait UIInterfaceOrientationPortraitUpsideDown UIInterfaceOrientationLandscapeLeft UIInterfaceOrientationLandscapeRight";
				INFOPLIST_KEY_UISupportedInterfaceOrientations_iPhone = "UIInterfaceOrientationPortrait UIInterfaceOrientationLandscapeLeft UIInterfaceOrientationLandscapeRight";
				LD_RUNPATH_SEARCH_PATHS = (
					"$(inherited)",
					"@executable_path/Frameworks",
				);
				MARKETING_VERSION = 1.0;
				PRODUCT_BUNDLE_IDENTIFIER = rahulchandak.PartTimeFinder;
				PRODUCT_NAME = "$(TARGET_NAME)";
				SWIFT_EMIT_LOC_STRINGS = YES;
				SWIFT_VERSION = 5.0;
				TARGETED_DEVICE_FAMILY = "1,2";
			};
			name = Debug;
		};
		2D5DCA502CED422B0037CBBB /* Release */ = {
			isa = XCBuildConfiguration;
			buildSettings = {
				ASSETCATALOG_COMPILER_APPICON_NAME = AppIcon;
				ASSETCATALOG_COMPILER_GLOBAL_ACCENT_COLOR_NAME = AccentColor;
				CODE_SIGN_STYLE = Automatic;
				CURRENT_PROJECT_VERSION = 1;
				DEVELOPMENT_TEAM = 99P47VK8DS;
				GENERATE_INFOPLIST_FILE = YES;
				INFOPLIST_FILE = PartTimeFinder/Info.plist;
				INFOPLIST_KEY_UIApplicationSupportsIndirectInputEvents = YES;
				INFOPLIST_KEY_UILaunchStoryboardName = LaunchScreen;
				INFOPLIST_KEY_UIMainStoryboardFile = Main;
				INFOPLIST_KEY_UISupportedInterfaceOrientations_iPad = "UIInterfaceOrientationPortrait UIInterfaceOrientationPortraitUpsideDown UIInterfaceOrientationLandscapeLeft UIInterfaceOrientationLandscapeRight";
				INFOPLIST_KEY_UISupportedInterfaceOrientations_iPhone = "UIInterfaceOrientationPortrait UIInterfaceOrientationLandscapeLeft UIInterfaceOrientationLandscapeRight";
				LD_RUNPATH_SEARCH_PATHS = (
					"$(inherited)",
					"@executable_path/Frameworks",
				);
				MARKETING_VERSION = 1.0;
				PRODUCT_BUNDLE_IDENTIFIER = rahulchandak.PartTimeFinder;
				PRODUCT_NAME = "$(TARGET_NAME)";
				SWIFT_EMIT_LOC_STRINGS = YES;
				SWIFT_VERSION = 5.0;
				TARGETED_DEVICE_FAMILY = "1,2";
			};
			name = Release;
		};
/* End XCBuildConfiguration section */

/* Begin XCConfigurationList section */
		2D5DCA352CED42260037CBBB /* Build configuration list for PBXProject "PartTimeFinder" */ = {
			isa = XCConfigurationList;
			buildConfigurations = (
				2D5DCA4C2CED422B0037CBBB /* Debug */,
				2D5DCA4D2CED422B0037CBBB /* Release */,
			);
			defaultConfigurationIsVisible = 0;
			defaultConfigurationName = Release;
		};
		2D5DCA4E2CED422B0037CBBB /* Build configuration list for PBXNativeTarget "PartTimeFinder" */ = {
			isa = XCConfigurationList;
			buildConfigurations = (
				2D5DCA4F2CED422B0037CBBB /* Debug */,
				2D5DCA502CED422B0037CBBB /* Release */,
			);
			defaultConfigurationIsVisible = 0;
			defaultConfigurationName = Release;
		};
/* End XCConfigurationList section */

/* Begin XCRemoteSwiftPackageReference section */
		2D13234C2CF1A8220017AC3B /* XCRemoteSwiftPackageReference "firebase-ios-sdk" */ = {
			isa = XCRemoteSwiftPackageReference;
			repositoryURL = "https://github.com/firebase/firebase-ios-sdk";
			requirement = {
				kind = upToNextMajorVersion;
				minimumVersion = 10.0.0;
			};
		};
/* End XCRemoteSwiftPackageReference section */

/* Begin XCSwiftPackageProductDependency section */
		2D13234D2CF1A8220017AC3B /* FirebaseAuth */ = {
			isa = XCSwiftPackageProductDependency;
			package = 2D13234C2CF1A8220017AC3B /* XCRemoteSwiftPackageReference "firebase-ios-sdk" */;
			productName = FirebaseAuth;
		};
		2D13234F2CF1A8220017AC3B /* FirebaseFirestore */ = {
			isa = XCSwiftPackageProductDependency;
			package = 2D13234C2CF1A8220017AC3B /* XCRemoteSwiftPackageReference "firebase-ios-sdk" */;
			productName = FirebaseFirestore;
		};
		2D1323512CF1A8220017AC3B /* FirebaseFirestoreSwift */ = {
			isa = XCSwiftPackageProductDependency;
			package = 2D13234C2CF1A8220017AC3B /* XCRemoteSwiftPackageReference "firebase-ios-sdk" */;
			productName = FirebaseFirestoreSwift;
		};
		2D1323532CF1A8220017AC3B /* FirebaseStorage */ = {
			isa = XCSwiftPackageProductDependency;
			package = 2D13234C2CF1A8220017AC3B /* XCRemoteSwiftPackageReference "firebase-ios-sdk" */;
			productName = FirebaseStorage;
		};
/* End XCSwiftPackageProductDependency section */
	};
	rootObject = 2D5DCA322CED42260037CBBB /* Project object */;
}
